
Microsoft Visual Studio Solution File, Format Version 12.00
# Visual Studio 15
VisualStudioVersion = 15.0.28307.271
MinimumVisualStudioVersion = 10.0.40219.1
Project("{FAE04EC0-301F-11D3-BF4B-00C04F79EFBC}") = "Singleton", "Singleton\Singleton.csproj", "{73BDDC23-83A7-4DD2-998E-3DC9951859D8}"
EndProject
Project("{FAE04EC0-301F-11D3-BF4B-00C04F79EFBC}") = "FactoryMethod", "FactoryMethod\FactoryMethod.csproj", "{37100050-CFE2-47A9-B112-4A1DE0CC37C2}"
EndProject
Project("{FAE04EC0-301F-11D3-BF4B-00C04F79EFBC}") = "AbstractFactory", "AbstractFactory\AbstractFactory.csproj", "{AB3B122C-24B1-42E5-9690-039797B65605}"
EndProject
Project("{FAE04EC0-301F-11D3-BF4B-00C04F79EFBC}") = "Prototype", "Prototype\Prototype.csproj", "{D489D92C-EAC7-453E-A8CE-8ADAD0342C5E}"
EndProject
Project("{FAE04EC0-301F-11D3-BF4B-00C04F79EFBC}") = "Builder", "Builder\Builder.csproj", "{69C213E7-326B-4532-843B-E95671DDBEEC}"
EndProject
Project("{FAE04EC0-301F-11D3-BF4B-00C04F79EFBC}") = "Facade", "Facade\Facade.csproj", "{62B5A10E-A65F-4BBB-828E-E3C1E1C52EA9}"
EndProject
Project("{FAE04EC0-301F-11D3-BF4B-00C04F79EFBC}") = "Adapter", "Adapter\Adapter.csproj", "{05723C41-4A44-4D6B-BE12-FE67E1021CD7}"
EndProject
Project("{FAE04EC0-301F-11D3-BF4B-00C04F79EFBC}") = "Composite", "Composite\Composite.csproj", "{34ADBDB6-9134-4A0C-B5F3-E6E99B2BF56D}"
EndProject
Global
	GlobalSection(SolutionConfigurationPlatforms) = preSolution
		Debug|Any CPU = Debug|Any CPU
		Release|Any CPU = Release|Any CPU
	EndGlobalSection
	GlobalSection(ProjectConfigurationPlatforms) = postSolution
		{73BDDC23-83A7-4DD2-998E-3DC9951859D8}.Debug|Any CPU.ActiveCfg = Debug|Any CPU
		{73BDDC23-83A7-4DD2-998E-3DC9951859D8}.Debug|Any CPU.Build.0 = Debug|Any CPU
		{73BDDC23-83A7-4DD2-998E-3DC9951859D8}.Release|Any CPU.ActiveCfg = Release|Any CPU
		{73BDDC23-83A7-4DD2-998E-3DC9951859D8}.Release|Any CPU.Build.0 = Release|Any CPU
		{37100050-CFE2-47A9-B112-4A1DE0CC37C2}.Debug|Any CPU.ActiveCfg = Debug|Any CPU
		{37100050-CFE2-47A9-B112-4A1DE0CC37C2}.Debug|Any CPU.Build.0 = Debug|Any CPU
		{37100050-CFE2-47A9-B112-4A1DE0CC37C2}.Release|Any CPU.ActiveCfg = Release|Any CPU
		{37100050-CFE2-47A9-B112-4A1DE0CC37C2}.Release|Any CPU.Build.0 = Release|Any CPU
		{AB3B122C-24B1-42E5-9690-039797B65605}.Debug|Any CPU.ActiveCfg = Debug|Any CPU
		{AB3B122C-24B1-42E5-9690-039797B65605}.Debug|Any CPU.Build.0 = Debug|Any CPU
		{AB3B122C-24B1-42E5-9690-039797B65605}.Release|Any CPU.ActiveCfg = Release|Any CPU
		{AB3B122C-24B1-42E5-9690-039797B65605}.Release|Any CPU.Build.0 = Release|Any CPU
		{D489D92C-EAC7-453E-A8CE-8ADAD0342C5E}.Debug|Any CPU.ActiveCfg = Debug|Any CPU
		{D489D92C-EAC7-453E-A8CE-8ADAD0342C5E}.Debug|Any CPU.Build.0 = Debug|Any CPU
		{D489D92C-EAC7-453E-A8CE-8ADAD0342C5E}.Release|Any CPU.ActiveCfg = Release|Any CPU
		{D489D92C-EAC7-453E-A8CE-8ADAD0342C5E}.Release|Any CPU.Build.0 = Release|Any CPU
		{69C213E7-326B-4532-843B-E95671DDBEEC}.Debug|Any CPU.ActiveCfg = Debug|Any CPU
		{69C213E7-326B-4532-843B-E95671DDBEEC}.Debug|Any CPU.Build.0 = Debug|Any CPU
		{69C213E7-326B-4532-843B-E95671DDBEEC}.Release|Any CPU.ActiveCfg = Release|Any CPU
		{69C213E7-326B-4532-843B-E95671DDBEEC}.Release|Any CPU.Build.0 = Release|Any CPU
		{62B5A10E-A65F-4BBB-828E-E3C1E1C52EA9}.Debug|Any CPU.ActiveCfg = Debug|Any CPU
		{62B5A10E-A65F-4BBB-828E-E3C1E1C52EA9}.Debug|Any CPU.Build.0 = Debug|Any CPU
		{62B5A10E-A65F-4BBB-828E-E3C1E1C52EA9}.Release|Any CPU.ActiveCfg = Release|Any CPU
		{62B5A10E-A65F-4BBB-828E-E3C1E1C52EA9}.Release|Any CPU.Build.0 = Release|Any CPU
		{05723C41-4A44-4D6B-BE12-FE67E1021CD7}.Debug|Any CPU.ActiveCfg = Debug|Any CPU
		{05723C41-4A44-4D6B-BE12-FE67E1021CD7}.Debug|Any CPU.Build.0 = Debug|Any CPU
		{05723C41-4A44-4D6B-BE12-FE67E1021CD7}.Release|Any CPU.ActiveCfg = Release|Any CPU
		{05723C41-4A44-4D6B-BE12-FE67E1021CD7}.Release|Any CPU.Build.0 = Release|Any CPU
		{34ADBDB6-9134-4A0C-B5F3-E6E99B2BF56D}.Debug|Any CPU.ActiveCfg = Debug|Any CPU
		{34ADBDB6-9134-4A0C-B5F3-E6E99B2BF56D}.Debug|Any CPU.Build.0 = Debug|Any CPU
		{34ADBDB6-9134-4A0C-B5F3-E6E99B2BF56D}.Release|Any CPU.ActiveCfg = Release|Any CPU
		{34ADBDB6-9134-4A0C-B5F3-E6E99B2BF56D}.Release|Any CPU.Build.0 = Release|Any CPU
	EndGlobalSection
	GlobalSection(SolutionProperties) = preSolution
		HideSolutionNode = FALSE
	EndGlobalSection
	GlobalSection(ExtensibilityGlobals) = postSolution
		SolutionGuid = {7C3937EF-10E7-403C-938A-8553F76E5A89}
	EndGlobalSection
EndGlobal
